{
  "name": "maramataka.ics",
  "version": "1.0.0",
  "lockfileVersion": 3,
  "requires": true,
  "packages": {
    "": {
      "name": "maramataka.ics",
      "version": "1.0.0",
      "license": "ISC",
      "dependencies": {
        "date-fns": "^4.1.0",
        "ical-generator": "^10.1.0",
        "suncalc": "^1.9.0"
      }
    },
    "node_modules/date-fns": {
      "version": "4.1.0",
      "resolved": "https://registry.npmjs.org/date-fns/-/date-fns-4.1.0.tgz",
      "integrity": "sha512-Ukq0owbQXxa/U3EGtsdVBkR1w7KOQ5gIBqdH2hkvknzZPYvBxb/aa6E8L7tmjFtkwZBu3UXBbjIgPo/Ez4xaNg==",
      "license": "MIT",
      "funding": {
        "type": "github",
        "url": "https://github.com/sponsors/kossnocorp"
      }
    },
    "node_modules/ical-generator": {
      "version": "10.1.0",
      "resolved": "https://registry.npmjs.org/ical-generator/-/ical-generator-10.1.0.tgz",
      "integrity": "sha512-VgWzox2svupw4HoZo9Ym0pmj50Cr7CO+By/TraNUVTXQL5Qh0p13iGNzizhXd/KDuzOHUSSXwUWIMZmBHQU65Q==",
      "license": "MIT",
      "engines": {
        "node": "20 || 22 || >=24"
      },
      "peerDependencies": {
        "@touch4it/ical-timezones": ">=1.6.0",
        "@types/luxon": ">= 1.26.0",
        "@types/mocha": ">= 8.2.1",
        "dayjs": ">= 1.10.0",
        "luxon": ">= 1.26.0",
        "moment": ">= 2.29.0",
        "moment-timezone": ">= 0.5.33",
        "rrule": ">= 2.6.8"
      },
      "peerDependenciesMeta": {
        "@touch4it/ical-timezones": {
          "optional": true
        },
        "@types/luxon": {
          "optional": true
        },
        "@types/mocha": {
          "optional": true
        },
        "@types/node": {
          "optional": true
        },
        "dayjs": {
          "optional": true
        },
        "luxon": {
          "optional": true
        },
        "moment": {
          "optional": true
        },
        "moment-timezone": {
          "optional": true
        },
        "rrule": {
          "optional": true
        }
      }
    },
    "node_modules/suncalc": {
      "version": "1.9.0",
      "resolved": "https://registry.npmjs.org/suncalc/-/suncalc-1.9.0.tgz",
      "integrity": "sha512-vMJ8Byp1uIPoj+wb9c1AdK4jpkSKVAywgHX0lqY7zt6+EWRRC3Z+0Ucfjy/0yxTVO1hwwchZe4uoFNqrIC24+A=="
    }
  }
}
